
Microsoft Visual Studio Solution File, Format Version 12.00
# Visual Studio Version 17
VisualStudioVersion = 17.4.33213.308
MinimumVisualStudioVersion = 10.0.40219.1
Project("{FAE04EC0-301F-11D3-BF4B-00C04F79EFBC}") = "ISPRGG2_Finals_Dy_Lim_Esguerra", "ISPRGG2_Finals_Dy_Lim_Esguerra.csproj", "{B1608EBA-E99E-458C-9215-1CE88A1D5682}"
EndProject
Global
	GlobalSection(SolutionConfigurationPlatforms) = preSolution
		Debug|Any CPU = Debug|Any CPU
		Release|Any CPU = Release|Any CPU
	EndGlobalSection
	GlobalSection(ProjectConfigurationPlatforms) = postSolution
		{B1608EBA-E99E-458C-9215-1CE88A1D5682}.Debug|Any CPU.ActiveCfg = Debug|Any CPU
		{B1608EBA-E99E-458C-9215-1CE88A1D5682}.Debug|Any CPU.Build.0 = Debug|Any CPU
		{B1608EBA-E99E-458C-9215-1CE88A1D5682}.Release|Any CPU.ActiveCfg = Release|Any CPU
		{B1608EBA-E99E-458C-9215-1CE88A1D5682}.Release|Any CPU.Build.0 = Release|Any CPU
	EndGlobalSection
	GlobalSection(SolutionProperties) = preSolution
		HideSolutionNode = FALSE
	EndGlobalSection
	GlobalSection(ExtensibilityGlobals) = postSolution
		SolutionGuid = {84D542C1-B3D5-45F8-B770-3B2402E25393}
	EndGlobalSection
EndGlobal
